
Microsoft Visual Studio Solution File, Format Version 12.00
# Visual Studio Version 17
VisualStudioVersion = 17.5.33502.453
MinimumVisualStudioVersion = 10.0.40219.1
Project("{FAE04EC0-301F-11D3-BF4B-00C04F79EFBC}") = "Rock-Paper-Scissors", "Rock-Paper-Scissors\Rock-Paper-Scissors.csproj", "{F8652415-25B6-4705-B8AF-D23F5690DF42}"
EndProject
Global
	GlobalSection(SolutionConfigurationPlatforms) = preSolution
		Debug|Any CPU = Debug|Any CPU
		Release|Any CPU = Release|Any CPU
	EndGlobalSection
	GlobalSection(ProjectConfigurationPlatforms) = postSolution
		{F8652415-25B6-4705-B8AF-D23F5690DF42}.Debug|Any CPU.ActiveCfg = Debug|Any CPU
		{F8652415-25B6-4705-B8AF-D23F5690DF42}.Debug|Any CPU.Build.0 = Debug|Any CPU
		{F8652415-25B6-4705-B8AF-D23F5690DF42}.Release|Any CPU.ActiveCfg = Release|Any CPU
		{F8652415-25B6-4705-B8AF-D23F5690DF42}.Release|Any CPU.Build.0 = Release|Any CPU
	EndGlobalSection
	GlobalSection(SolutionProperties) = preSolution
		HideSolutionNode = FALSE
	EndGlobalSection
	GlobalSection(ExtensibilityGlobals) = postSolution
		SolutionGuid = {4EABA6C4-1F86-405C-B987-AA3EC02D4260}
	EndGlobalSection
EndGlobal
